
Microsoft Visual Studio Solution File, Format Version 12.00
# Visual Studio 15
VisualStudioVersion = 15.0.27130.2027
MinimumVisualStudioVersion = 10.0.40219.1
Project("{FAE04EC0-301F-11D3-BF4B-00C04F79EFBC}") = "FFXIV-discord-rpc", "FFXIV-discord-rpc.csproj", "{7DEA2C26-D0E7-41E1-B1FF-86D7D83397E5}"
EndProject
Global
	GlobalSection(SolutionConfigurationPlatforms) = preSolution
		asdf|Any CPU = asdf|Any CPU
		Debug|Any CPU = Debug|Any CPU
		Release|Any CPU = Release|Any CPU
	EndGlobalSection
	GlobalSection(ProjectConfigurationPlatforms) = postSolution
		{7DEA2C26-D0E7-41E1-B1FF-86D7D83397E5}.asdf|Any CPU.ActiveCfg = asdf|Any CPU
		{7DEA2C26-D0E7-41E1-B1FF-86D7D83397E5}.asdf|Any CPU.Build.0 = asdf|Any CPU
		{7DEA2C26-D0E7-41E1-B1FF-86D7D83397E5}.Debug|Any CPU.ActiveCfg = Debug|Any CPU
		{7DEA2C26-D0E7-41E1-B1FF-86D7D83397E5}.Debug|Any CPU.Build.0 = Debug|Any CPU
		{7DEA2C26-D0E7-41E1-B1FF-86D7D83397E5}.Release|Any CPU.ActiveCfg = Release|Any CPU
		{7DEA2C26-D0E7-41E1-B1FF-86D7D83397E5}.Release|Any CPU.Build.0 = Release|Any CPU
	EndGlobalSection
	GlobalSection(SolutionProperties) = preSolution
		HideSolutionNode = FALSE
	EndGlobalSection
	GlobalSection(ExtensibilityGlobals) = postSolution
		SolutionGuid = {813F40C4-53A5-4CED-BCB4-A14D8C05FAD2}
	EndGlobalSection
EndGlobal
